
Microsoft Visual Studio Solution File, Format Version 12.00
# Visual Studio Version 17
VisualStudioVersion = 17.5.33516.290
MinimumVisualStudioVersion = 10.0.40219.1
Project("{778DAE3C-4631-46EA-AA77-85C1314464D9}") = "KordanorsCatacomb", "KordanorsCatacomb\KordanorsCatacomb.vbproj", "{8FD55D73-7B1B-4746-A89C-7F03C41A7898}"
EndProject
Project("{2150E333-8FDC-42A3-9474-1A3956D46DE8}") = "_STUFF", "_STUFF", "{52F3CF19-7A5D-4251-B65E-6DDB043B782B}"
	ProjectSection(SolutionItems) = preProject
		..\README.md = ..\README.md
		..\shippit.sh = ..\shippit.sh
	EndProjectSection
EndProject
Project("{778DAE3C-4631-46EA-AA77-85C1314464D9}") = "SPLORR.Game", "SPLORR.Game\SPLORR.Game.vbproj", "{697DEF56-15E0-41FB-9291-E3D6E4FF2724}"
EndProject
Project("{778DAE3C-4631-46EA-AA77-85C1314464D9}") = "AOS.UI", "AOS.UI\AOS.UI.vbproj", "{CB347B2C-82EC-4FBA-A216-16528C975682}"
EndProject
Project("{778DAE3C-4631-46EA-AA77-85C1314464D9}") = "AOS.Presentation", "AOS.Presentation\AOS.Presentation.vbproj", "{6450CBC6-18FE-4BBA-8E35-2E1D968D7372}"
EndProject
Project("{778DAE3C-4631-46EA-AA77-85C1314464D9}") = "KC.Application", "KC.Application\KC.Application.vbproj", "{CCCBBAFD-25F3-41E1-BB7B-65B9E1470D26}"
EndProject
Project("{2150E333-8FDC-42A3-9474-1A3956D46DE8}") = "Common", "Common", "{4C4053A1-4A53-4B2B-A017-6B68701EFC01}"
EndProject
Global
	GlobalSection(SolutionConfigurationPlatforms) = preSolution
		Debug|Any CPU = Debug|Any CPU
		Release|Any CPU = Release|Any CPU
	EndGlobalSection
	GlobalSection(ProjectConfigurationPlatforms) = postSolution
		{8FD55D73-7B1B-4746-A89C-7F03C41A7898}.Debug|Any CPU.ActiveCfg = Debug|Any CPU
		{8FD55D73-7B1B-4746-A89C-7F03C41A7898}.Debug|Any CPU.Build.0 = Debug|Any CPU
		{8FD55D73-7B1B-4746-A89C-7F03C41A7898}.Release|Any CPU.ActiveCfg = Release|Any CPU
		{8FD55D73-7B1B-4746-A89C-7F03C41A7898}.Release|Any CPU.Build.0 = Release|Any CPU
		{697DEF56-15E0-41FB-9291-E3D6E4FF2724}.Debug|Any CPU.ActiveCfg = Debug|Any CPU
		{697DEF56-15E0-41FB-9291-E3D6E4FF2724}.Debug|Any CPU.Build.0 = Debug|Any CPU
		{697DEF56-15E0-41FB-9291-E3D6E4FF2724}.Release|Any CPU.ActiveCfg = Release|Any CPU
		{697DEF56-15E0-41FB-9291-E3D6E4FF2724}.Release|Any CPU.Build.0 = Release|Any CPU
		{CB347B2C-82EC-4FBA-A216-16528C975682}.Debug|Any CPU.ActiveCfg = Debug|Any CPU
		{CB347B2C-82EC-4FBA-A216-16528C975682}.Debug|Any CPU.Build.0 = Debug|Any CPU
		{CB347B2C-82EC-4FBA-A216-16528C975682}.Release|Any CPU.ActiveCfg = Release|Any CPU
		{CB347B2C-82EC-4FBA-A216-16528C975682}.Release|Any CPU.Build.0 = Release|Any CPU
		{6450CBC6-18FE-4BBA-8E35-2E1D968D7372}.Debug|Any CPU.ActiveCfg = Debug|Any CPU
		{6450CBC6-18FE-4BBA-8E35-2E1D968D7372}.Debug|Any CPU.Build.0 = Debug|Any CPU
		{6450CBC6-18FE-4BBA-8E35-2E1D968D7372}.Release|Any CPU.ActiveCfg = Release|Any CPU
		{6450CBC6-18FE-4BBA-8E35-2E1D968D7372}.Release|Any CPU.Build.0 = Release|Any CPU
		{CCCBBAFD-25F3-41E1-BB7B-65B9E1470D26}.Debug|Any CPU.ActiveCfg = Debug|Any CPU
		{CCCBBAFD-25F3-41E1-BB7B-65B9E1470D26}.Debug|Any CPU.Build.0 = Debug|Any CPU
		{CCCBBAFD-25F3-41E1-BB7B-65B9E1470D26}.Release|Any CPU.ActiveCfg = Release|Any CPU
		{CCCBBAFD-25F3-41E1-BB7B-65B9E1470D26}.Release|Any CPU.Build.0 = Release|Any CPU
	EndGlobalSection
	GlobalSection(SolutionProperties) = preSolution
		HideSolutionNode = FALSE
	EndGlobalSection
	GlobalSection(NestedProjects) = preSolution
		{697DEF56-15E0-41FB-9291-E3D6E4FF2724} = {4C4053A1-4A53-4B2B-A017-6B68701EFC01}
		{CB347B2C-82EC-4FBA-A216-16528C975682} = {4C4053A1-4A53-4B2B-A017-6B68701EFC01}
		{6450CBC6-18FE-4BBA-8E35-2E1D968D7372} = {4C4053A1-4A53-4B2B-A017-6B68701EFC01}
	EndGlobalSection
	GlobalSection(ExtensibilityGlobals) = postSolution
		SolutionGuid = {E8239030-8EF1-4687-9AAD-909B8A7CBEAC}
	EndGlobalSection
EndGlobal
